
Microsoft Visual Studio Solution File, Format Version 12.00
# Visual Studio Version 16
VisualStudioVersion = 16.0.32802.440
MinimumVisualStudioVersion = 10.0.40219.1
Project("{FAE04EC0-301F-11D3-BF4B-00C04F79EFBC}") = "gitdemo", "gitdemo\gitdemo.csproj", "{23216E46-93FC-4CFE-A54F-1B8B7FDD9D44}"
EndProject
Global
	GlobalSection(SolutionConfigurationPlatforms) = preSolution
		Debug|Any CPU = Debug|Any CPU
		Release|Any CPU = Release|Any CPU
	EndGlobalSection
	GlobalSection(ProjectConfigurationPlatforms) = postSolution
		{23216E46-93FC-4CFE-A54F-1B8B7FDD9D44}.Debug|Any CPU.ActiveCfg = Debug|Any CPU
		{23216E46-93FC-4CFE-A54F-1B8B7FDD9D44}.Debug|Any CPU.Build.0 = Debug|Any CPU
		{23216E46-93FC-4CFE-A54F-1B8B7FDD9D44}.Release|Any CPU.ActiveCfg = Release|Any CPU
		{23216E46-93FC-4CFE-A54F-1B8B7FDD9D44}.Release|Any CPU.Build.0 = Release|Any CPU
	EndGlobalSection
	GlobalSection(SolutionProperties) = preSolution
		HideSolutionNode = FALSE
	EndGlobalSection
	GlobalSection(ExtensibilityGlobals) = postSolution
		SolutionGuid = {4F5FEAD8-A100-4D67-9418-42A9D8503A09}
	EndGlobalSection
EndGlobal
